
Microsoft Visual Studio Solution File, Format Version 12.00
# Visual Studio 15
VisualStudioVersion = 15.0.27428.2005
MinimumVisualStudioVersion = 10.0.40219.1
Project("{FAE04EC0-301F-11D3-BF4B-00C04F79EFBC}") = "ZAP", "ZAP\ZAP.csproj", "{B93AD824-4CFF-4CF5-BBAE-B0C16A1379F0}"
EndProject
Global
	GlobalSection(SolutionConfigurationPlatforms) = preSolution
		Debug|Any CPU = Debug|Any CPU
		Release|Any CPU = Release|Any CPU
	EndGlobalSection
	GlobalSection(ProjectConfigurationPlatforms) = postSolution
		{B93AD824-4CFF-4CF5-BBAE-B0C16A1379F0}.Debug|Any CPU.ActiveCfg = Debug|Any CPU
		{B93AD824-4CFF-4CF5-BBAE-B0C16A1379F0}.Debug|Any CPU.Build.0 = Debug|Any CPU
		{B93AD824-4CFF-4CF5-BBAE-B0C16A1379F0}.Release|Any CPU.ActiveCfg = Release|Any CPU
		{B93AD824-4CFF-4CF5-BBAE-B0C16A1379F0}.Release|Any CPU.Build.0 = Release|Any CPU
	EndGlobalSection
	GlobalSection(SolutionProperties) = preSolution
		HideSolutionNode = FALSE
	EndGlobalSection
	GlobalSection(ExtensibilityGlobals) = postSolution
		SolutionGuid = {DEF3F997-8978-49D1-B035-32EB9733412A}
	EndGlobalSection
EndGlobal
